# This file is automatically @generated by Cargo.
# It is not intended for manual editing.
[[package]]
name = "anyhow"
version = "1.0.35"
source = "registry+https://github.com/rust-lang/crates.io-index"
checksum = "2c0df63cb2955042487fad3aefd2c6e3ae7389ac5dc1beb28921de0b69f779d4"

[[package]]
name = "autocfg"
version = "1.0.1"
source = "registry+https://github.com/rust-lang/crates.io-index"
checksum = "cdb031dd78e28731d87d56cc8ffef4a8f36ca26c38fe2de700543e627f8a464a"

[[package]]
name = "cbitset"
version = "0.2.0"
source = "registry+https://github.com/rust-lang/crates.io-index"
checksum = "29b6ad25ae296159fb0da12b970b2fe179b234584d7cd294c891e2bbb284466b"
dependencies = [
 "num-traits",
]

[[package]]
name = "nix-eval"
version = "0.1.0"
dependencies = [
 "anyhow",
 "rnix",
 "static_assertions",
 "thiserror",
 "typed-arena",
]

[[package]]
name = "num-traits"
version = "0.2.14"
source = "registry+https://github.com/rust-lang/crates.io-index"
checksum = "9a64b1ec5cda2586e284722486d802acf1f7dbdc623e2bfc57e65ca1cd099290"
dependencies = [
 "autocfg",
]

[[package]]
name = "proc-macro2"
version = "1.0.24"
source = "registry+https://github.com/rust-lang/crates.io-index"
checksum = "1e0704ee1a7e00d7bb417d0770ea303c1bccbabf0ef1667dae92b5967f5f8a71"
dependencies = [
 "unicode-xid",
]

[[package]]
name = "quote"
version = "1.0.7"
source = "registry+https://github.com/rust-lang/crates.io-index"
checksum = "aa563d17ecb180e500da1cfd2b028310ac758de548efdd203e18f283af693f37"
dependencies = [
 "proc-macro2",
]

[[package]]
name = "rnix"
version = "0.8.0"
source = "registry+https://github.com/rust-lang/crates.io-index"
checksum = "cbbea4c714e5bbf462fa4316ddf45875d8f0e28e5db81050b5f9ce99746c6863"
dependencies = [
 "cbitset",
 "rowan",
]

[[package]]
name = "rowan"
version = "0.9.1"
source = "registry+https://github.com/rust-lang/crates.io-index"
checksum = "1ea7cadf87a9d8432e85cb4eb86bd2e765ace60c24ef86e79084dcae5d1c5a19"
dependencies = [
 "rustc-hash",
 "smol_str",
 "text_unit",
 "thin-dst",
]

[[package]]
name = "rustc-hash"
version = "1.1.0"
source = "registry+https://github.com/rust-lang/crates.io-index"
checksum = "08d43f7aa6b08d49f382cde6a7982047c3426db949b1424bc4b7ec9ae12c6ce2"

[[package]]
name = "smol_str"
version = "0.1.17"
source = "registry+https://github.com/rust-lang/crates.io-index"
checksum = "6ca0f7ce3a29234210f0f4f0b56f8be2e722488b95cb522077943212da3b32eb"

[[package]]
name = "static_assertions"
version = "1.1.0"
source = "registry+https://github.com/rust-lang/crates.io-index"
checksum = "a2eb9349b6444b326872e140eb1cf5e7c522154d69e7a0ffb0fb81c06b37543f"

[[package]]
name = "syn"
version = "1.0.54"
source = "registry+https://github.com/rust-lang/crates.io-index"
checksum = "9a2af957a63d6bd42255c359c93d9bfdb97076bd3b820897ce55ffbfbf107f44"
dependencies = [
 "proc-macro2",
 "quote",
 "unicode-xid",
]

[[package]]
name = "text_unit"
version = "0.1.10"
source = "registry+https://github.com/rust-lang/crates.io-index"
checksum = "20431e104bfecc1a40872578dbc390e10290a0e9c35fffe3ce6f73c15a9dbfc2"

[[package]]
name = "thin-dst"
version = "1.1.0"
source = "registry+https://github.com/rust-lang/crates.io-index"
checksum = "db3c46be180f1af9673ebb27bc1235396f61ef6965b3fe0dbb2e624deb604f0e"

[[package]]
name = "thiserror"
version = "1.0.22"
source = "registry+https://github.com/rust-lang/crates.io-index"
checksum = "0e9ae34b84616eedaaf1e9dd6026dbe00dcafa92aa0c8077cb69df1fcfe5e53e"
dependencies = [
 "thiserror-impl",
]

[[package]]
name = "thiserror-impl"
version = "1.0.22"
source = "registry+https://github.com/rust-lang/crates.io-index"
checksum = "9ba20f23e85b10754cd195504aebf6a27e2e6cbe28c17778a0c930724628dd56"
dependencies = [
 "proc-macro2",
 "quote",
 "syn",
]

[[package]]
name = "typed-arena"
version = "2.0.1"
source = "registry+https://github.com/rust-lang/crates.io-index"
checksum = "0685c84d5d54d1c26f7d3eb96cd41550adb97baed141a761cf335d3d33bcd0ae"

[[package]]
name = "unicode-xid"
version = "0.2.1"
source = "registry+https://github.com/rust-lang/crates.io-index"
checksum = "f7fe0bb3479651439c9112f72b6c505038574c9fbb575ed1bf3b797fa39dd564"
